
Microsoft Visual Studio Solution File, Format Version 12.00
# Visual Studio 15
VisualStudioVersion = 15.0.27130.2010
MinimumVisualStudioVersion = 10.0.40219.1
Project("{9A19103F-16F7-4668-BE54-9A1E7A4F7556}") = "DocXml", "src\DocXml\DocXml.csproj", "{A20E5968-B4BF-4436-9929-92FA79791B12}"
EndProject
Project("{9A19103F-16F7-4668-BE54-9A1E7A4F7556}") = "DocXmlUnitTests", "test\DocXmlUnitTests\DocXmlUnitTests.csproj", "{29BC43DB-4121-43EA-8AA7-AE636B295A38}"
EndProject
Global
	GlobalSection(SolutionConfigurationPlatforms) = preSolution
		Coverage|Any CPU = Coverage|Any CPU
		Debug|Any CPU = Debug|Any CPU
		Release|Any CPU = Release|Any CPU
	EndGlobalSection
	GlobalSection(ProjectConfigurationPlatforms) = postSolution
		{A20E5968-B4BF-4436-9929-92FA79791B12}.Coverage|Any CPU.ActiveCfg = Coverage|Any CPU
		{A20E5968-B4BF-4436-9929-92FA79791B12}.Coverage|Any CPU.Build.0 = Coverage|Any CPU
		{A20E5968-B4BF-4436-9929-92FA79791B12}.Debug|Any CPU.ActiveCfg = Debug|Any CPU
		{A20E5968-B4BF-4436-9929-92FA79791B12}.Debug|Any CPU.Build.0 = Debug|Any CPU
		{A20E5968-B4BF-4436-9929-92FA79791B12}.Release|Any CPU.ActiveCfg = Release|Any CPU
		{A20E5968-B4BF-4436-9929-92FA79791B12}.Release|Any CPU.Build.0 = Release|Any CPU
		{29BC43DB-4121-43EA-8AA7-AE636B295A38}.Coverage|Any CPU.ActiveCfg = Coverage|Any CPU
		{29BC43DB-4121-43EA-8AA7-AE636B295A38}.Coverage|Any CPU.Build.0 = Coverage|Any CPU
		{29BC43DB-4121-43EA-8AA7-AE636B295A38}.Debug|Any CPU.ActiveCfg = Debug|Any CPU
		{29BC43DB-4121-43EA-8AA7-AE636B295A38}.Debug|Any CPU.Build.0 = Debug|Any CPU
		{29BC43DB-4121-43EA-8AA7-AE636B295A38}.Release|Any CPU.ActiveCfg = Release|Any CPU
		{29BC43DB-4121-43EA-8AA7-AE636B295A38}.Release|Any CPU.Build.0 = Release|Any CPU
	EndGlobalSection
	GlobalSection(SolutionProperties) = preSolution
		HideSolutionNode = FALSE
	EndGlobalSection
	GlobalSection(ExtensibilityGlobals) = postSolution
		SolutionGuid = {3B724537-C549-479B-83B3-FF606FBC07F3}
	EndGlobalSection
EndGlobal
